
Microsoft Visual Studio Solution File, Format Version 12.00
# Visual Studio Version 17
VisualStudioVersion = 17.4.33213.308
MinimumVisualStudioVersion = 10.0.40219.1
Project("{9A19103F-16F7-4668-BE54-9A1E7A4F7556}") = "ERPApplication", "ERPApplication\ERPApplication.csproj", "{02EB028D-26B9-4A86-8662-AFF487849964}"
EndProject
Project("{FAE04EC0-301F-11D3-BF4B-00C04F79EFBC}") = "WebApplication", "WebApplication\WebApplication.csproj", "{5D623B06-D3D5-4D0F-B9FE-F5E41A9933CE}"
EndProject
Global
	GlobalSection(SolutionConfigurationPlatforms) = preSolution
		Debug|Any CPU = Debug|Any CPU
		Release|Any CPU = Release|Any CPU
	EndGlobalSection
	GlobalSection(ProjectConfigurationPlatforms) = postSolution
		{02EB028D-26B9-4A86-8662-AFF487849964}.Debug|Any CPU.ActiveCfg = Debug|Any CPU
		{02EB028D-26B9-4A86-8662-AFF487849964}.Debug|Any CPU.Build.0 = Debug|Any CPU
		{02EB028D-26B9-4A86-8662-AFF487849964}.Release|Any CPU.ActiveCfg = Release|Any CPU
		{02EB028D-26B9-4A86-8662-AFF487849964}.Release|Any CPU.Build.0 = Release|Any CPU
		{5D623B06-D3D5-4D0F-B9FE-F5E41A9933CE}.Debug|Any CPU.ActiveCfg = Debug|Any CPU
		{5D623B06-D3D5-4D0F-B9FE-F5E41A9933CE}.Debug|Any CPU.Build.0 = Debug|Any CPU
		{5D623B06-D3D5-4D0F-B9FE-F5E41A9933CE}.Release|Any CPU.ActiveCfg = Release|Any CPU
		{5D623B06-D3D5-4D0F-B9FE-F5E41A9933CE}.Release|Any CPU.Build.0 = Release|Any CPU
	EndGlobalSection
	GlobalSection(SolutionProperties) = preSolution
		HideSolutionNode = FALSE
	EndGlobalSection
	GlobalSection(ExtensibilityGlobals) = postSolution
		SolutionGuid = {220ABBEC-AC60-48D5-AD27-D97329188600}
	EndGlobalSection
EndGlobal
